
Microsoft Visual Studio Solution File, Format Version 12.00
# Visual Studio Version 17
VisualStudioVersion = 17.3.32811.315
MinimumVisualStudioVersion = 10.0.40219.1
Project("{FAE04EC0-301F-11D3-BF4B-00C04F79EFBC}") = "Projeto Form em OOP", "Projeto Form em OOP\Projeto Form em OOP.csproj", "{C85F0957-FFAB-46FE-AC6C-D9D3B86C3EB7}"
EndProject
Global
	GlobalSection(SolutionConfigurationPlatforms) = preSolution
		Debug|Any CPU = Debug|Any CPU
		Release|Any CPU = Release|Any CPU
	EndGlobalSection
	GlobalSection(ProjectConfigurationPlatforms) = postSolution
		{C85F0957-FFAB-46FE-AC6C-D9D3B86C3EB7}.Debug|Any CPU.ActiveCfg = Debug|Any CPU
		{C85F0957-FFAB-46FE-AC6C-D9D3B86C3EB7}.Debug|Any CPU.Build.0 = Debug|Any CPU
		{C85F0957-FFAB-46FE-AC6C-D9D3B86C3EB7}.Release|Any CPU.ActiveCfg = Release|Any CPU
		{C85F0957-FFAB-46FE-AC6C-D9D3B86C3EB7}.Release|Any CPU.Build.0 = Release|Any CPU
	EndGlobalSection
	GlobalSection(SolutionProperties) = preSolution
		HideSolutionNode = FALSE
	EndGlobalSection
	GlobalSection(ExtensibilityGlobals) = postSolution
		SolutionGuid = {605C479D-6226-4013-8E69-7ED4387D2A08}
	EndGlobalSection
EndGlobal
